
Microsoft Visual Studio Solution File, Format Version 12.00
# Visual Studio Version 16
VisualStudioVersion = 16.0.29009.5
MinimumVisualStudioVersion = 10.0.40219.1
Project("{FAE04EC0-301F-11D3-BF4B-00C04F79EFBC}") = "MultipageCRUDSystem", "MultipageCRUDSystem\MultipageCRUDSystem.csproj", "{ED29F484-3DBF-476B-8166-9E22C34E664B}"
EndProject
Global
	GlobalSection(SolutionConfigurationPlatforms) = preSolution
		Debug|Any CPU = Debug|Any CPU
		Release|Any CPU = Release|Any CPU
	EndGlobalSection
	GlobalSection(ProjectConfigurationPlatforms) = postSolution
		{ED29F484-3DBF-476B-8166-9E22C34E664B}.Debug|Any CPU.ActiveCfg = Debug|Any CPU
		{ED29F484-3DBF-476B-8166-9E22C34E664B}.Debug|Any CPU.Build.0 = Debug|Any CPU
		{ED29F484-3DBF-476B-8166-9E22C34E664B}.Release|Any CPU.ActiveCfg = Release|Any CPU
		{ED29F484-3DBF-476B-8166-9E22C34E664B}.Release|Any CPU.Build.0 = Release|Any CPU
	EndGlobalSection
	GlobalSection(SolutionProperties) = preSolution
		HideSolutionNode = FALSE
	EndGlobalSection
	GlobalSection(ExtensibilityGlobals) = postSolution
		SolutionGuid = {A58EE645-7220-4B2E-9047-379DAFD75F5A}
	EndGlobalSection
EndGlobal
